// !$*UTF8*$!
{
	archiveVersion = 1;
	classes = {
	};
	objectVersion = 56;
	objects = {

/* Begin PBXBuildFile section */
		2C6C342D2B21AA8700B88761 /* AppDelegate.swift in Sources */ = {isa = PBXBuildFile; fileRef = 2C6C342C2B21AA8700B88761 /* AppDelegate.swift */; };
		2C6C342F2B21AA8700B88761 /* SceneDelegate.swift in Sources */ = {isa = PBXBuildFile; fileRef = 2C6C342E2B21AA8700B88761 /* SceneDelegate.swift */; };
		2C6C34312B21AA8700B88761 /* ViewController.swift in Sources */ = {isa = PBXBuildFile; fileRef = 2C6C34302B21AA8700B88761 /* ViewController.swift */; };
		2C6C34342B21AA8700B88761 /* Main.storyboard in Resources */ = {isa = PBXBuildFile; fileRef = 2C6C34322B21AA8700B88761 /* Main.storyboard */; };
		2C6C34362B21AA8800B88761 /* Assets.xcassets in Resources */ = {isa = PBXBuildFile; fileRef = 2C6C34352B21AA8800B88761 /* Assets.xcassets */; };
		2C6C34392B21AA8800B88761 /* LaunchScreen.storyboard in Resources */ = {isa = PBXBuildFile; fileRef = 2C6C34372B21AA8800B88761 /* LaunchScreen.storyboard */; };
		2C6C34412B21AAA400B88761 /* FileManagerService.swift in Sources */ = {isa = PBXBuildFile; fileRef = 2C6C34402B21AAA400B88761 /* FileManagerService.swift */; };
		2C6C344B2B252F7A00B88761 /* PlayerView.swift in Sources */ = {isa = PBXBuildFile; fileRef = 2C6C344A2B252F7A00B88761 /* PlayerView.swift */; };
		2C6C344F2B2530A400B88761 /* AddController.swift in Sources */ = {isa = PBXBuildFile; fileRef = 2C6C344E2B2530A400B88761 /* AddController.swift */; };
		2C6C347C2B2AC8D600B88761 /* SwiftDataService.swift in Sources */ = {isa = PBXBuildFile; fileRef = 2C6C347B2B2AC8D600B88761 /* SwiftDataService.swift */; };
		2CC3040C2B499BE7003BC3FC /* VideoModel.swift in Sources */ = {isa = PBXBuildFile; fileRef = 2CC3040B2B499BE7003BC3FC /* VideoModel.swift */; };
		2CC304102B4A8423003BC3FC /* VideoCollectionViewCell.swift in Sources */ = {isa = PBXBuildFile; fileRef = 2CC3040E2B4A8423003BC3FC /* VideoCollectionViewCell.swift */; };
		2CC304112B4A8423003BC3FC /* VideoCollectionViewCell.xib in Resources */ = {isa = PBXBuildFile; fileRef = 2CC3040F2B4A8423003BC3FC /* VideoCollectionViewCell.xib */; };
		2CC304132B4A85FF003BC3FC /* VideoListViewController.swift in Sources */ = {isa = PBXBuildFile; fileRef = 2CC304122B4A85FF003BC3FC /* VideoListViewController.swift */; };
/* End PBXBuildFile section */

/* Begin PBXFileReference section */
		2C6C34292B21AA8700B88761 /* FileManager.app */ = {isa = PBXFileReference; explicitFileType = wrapper.application; includeInIndex = 0; path = FileManager.app; sourceTree = BUILT_PRODUCTS_DIR; };
		2C6C342C2B21AA8700B88761 /* AppDelegate.swift */ = {isa = PBXFileReference; lastKnownFileType = sourcecode.swift; path = AppDelegate.swift; sourceTree = "<group>"; };
		2C6C342E2B21AA8700B88761 /* SceneDelegate.swift */ = {isa = PBXFileReference; lastKnownFileType = sourcecode.swift; path = SceneDelegate.swift; sourceTree = "<group>"; };
		2C6C34302B21AA8700B88761 /* ViewController.swift */ = {isa = PBXFileReference; lastKnownFileType = sourcecode.swift; path = ViewController.swift; sourceTree = "<group>"; };
		2C6C34332B21AA8700B88761 /* Base */ = {isa = PBXFileReference; lastKnownFileType = file.storyboard; name = Base; path = Base.lproj/Main.storyboard; sourceTree = "<group>"; };
		2C6C34352B21AA8800B88761 /* Assets.xcassets */ = {isa = PBXFileReference; lastKnownFileType = folder.assetcatalog; path = Assets.xcassets; sourceTree = "<group>"; };
		2C6C34382B21AA8800B88761 /* Base */ = {isa = PBXFileReference; lastKnownFileType = file.storyboard; name = Base; path = Base.lproj/LaunchScreen.storyboard; sourceTree = "<group>"; };
		2C6C343A2B21AA8800B88761 /* Info.plist */ = {isa = PBXFileReference; lastKnownFileType = text.plist.xml; path = Info.plist; sourceTree = "<group>"; };
		2C6C34402B21AAA400B88761 /* FileManagerService.swift */ = {isa = PBXFileReference; lastKnownFileType = sourcecode.swift; path = FileManagerService.swift; sourceTree = "<group>"; };
		2C6C344A2B252F7A00B88761 /* PlayerView.swift */ = {isa = PBXFileReference; lastKnownFileType = sourcecode.swift; path = PlayerView.swift; sourceTree = "<group>"; };
		2C6C344E2B2530A400B88761 /* AddController.swift */ = {isa = PBXFileReference; lastKnownFileType = sourcecode.swift; path = AddController.swift; sourceTree = "<group>"; };
		2C6C347B2B2AC8D600B88761 /* SwiftDataService.swift */ = {isa = PBXFileReference; lastKnownFileType = sourcecode.swift; path = SwiftDataService.swift; sourceTree = "<group>"; };
		2CC3040B2B499BE7003BC3FC /* VideoModel.swift */ = {isa = PBXFileReference; lastKnownFileType = sourcecode.swift; path = VideoModel.swift; sourceTree = "<group>"; };
		2CC3040E2B4A8423003BC3FC /* VideoCollectionViewCell.swift */ = {isa = PBXFileReference; lastKnownFileType = sourcecode.swift; path = VideoCollectionViewCell.swift; sourceTree = "<group>"; };
		2CC3040F2B4A8423003BC3FC /* VideoCollectionViewCell.xib */ = {isa = PBXFileReference; lastKnownFileType = file.xib; path = VideoCollectionViewCell.xib; sourceTree = "<group>"; };
		2CC304122B4A85FF003BC3FC /* VideoListViewController.swift */ = {isa = PBXFileReference; lastKnownFileType = sourcecode.swift; path = VideoListViewController.swift; sourceTree = "<group>"; };
/* End PBXFileReference section */

/* Begin PBXFrameworksBuildPhase section */
		2C6C34262B21AA8700B88761 /* Frameworks */ = {
			isa = PBXFrameworksBuildPhase;
			buildActionMask = 2147483647;
			files = (
			);
			runOnlyForDeploymentPostprocessing = 0;
		};
/* End PBXFrameworksBuildPhase section */

/* Begin PBXGroup section */
		2C6C34202B21AA8700B88761 = {
			isa = PBXGroup;
			children = (
				2C6C342B2B21AA8700B88761 /* FileManager */,
				2C6C342A2B21AA8700B88761 /* Products */,
			);
			sourceTree = "<group>";
		};
		2C6C342A2B21AA8700B88761 /* Products */ = {
			isa = PBXGroup;
			children = (
				2C6C34292B21AA8700B88761 /* FileManager.app */,
			);
			name = Products;
			sourceTree = "<group>";
		};
		2C6C342B2B21AA8700B88761 /* FileManager */ = {
			isa = PBXGroup;
			children = (
				2CC3040D2B4A776A003BC3FC /* Controller */,
				2CC3040A2B499BD1003BC3FC /* Model */,
				2C6C347A2B2AC85100B88761 /* Service */,
				2C6C344A2B252F7A00B88761 /* PlayerView.swift */,
				2C6C342C2B21AA8700B88761 /* AppDelegate.swift */,
				2C6C342E2B21AA8700B88761 /* SceneDelegate.swift */,
				2C6C34302B21AA8700B88761 /* ViewController.swift */,
				2C6C34322B21AA8700B88761 /* Main.storyboard */,
				2C6C34352B21AA8800B88761 /* Assets.xcassets */,
				2C6C34372B21AA8800B88761 /* LaunchScreen.storyboard */,
				2CC3040E2B4A8423003BC3FC /* VideoCollectionViewCell.swift */,
				2CC3040F2B4A8423003BC3FC /* VideoCollectionViewCell.xib */,
				2C6C343A2B21AA8800B88761 /* Info.plist */,
			);
			path = FileManager;
			sourceTree = "<group>";
		};
		2C6C347A2B2AC85100B88761 /* Service */ = {
			isa = PBXGroup;
			children = (
				2C6C34402B21AAA400B88761 /* FileManagerService.swift */,
				2C6C347B2B2AC8D600B88761 /* SwiftDataService.swift */,
			);
			path = Service;
			sourceTree = "<group>";
		};
		2CC3040A2B499BD1003BC3FC /* Model */ = {
			isa = PBXGroup;
			children = (
				2CC3040B2B499BE7003BC3FC /* VideoModel.swift */,
			);
			path = Model;
			sourceTree = "<group>";
		};
		2CC3040D2B4A776A003BC3FC /* Controller */ = {
			isa = PBXGroup;
			children = (
				2C6C344E2B2530A400B88761 /* AddController.swift */,
				2CC304122B4A85FF003BC3FC /* VideoListViewController.swift */,
			);
			path = Controller;
			sourceTree = "<group>";
		};
/* End PBXGroup section */

/* Begin PBXNativeTarget section */
		2C6C34282B21AA8700B88761 /* FileManager */ = {
			isa = PBXNativeTarget;
			buildConfigurationList = 2C6C343D2B21AA8800B88761 /* Build configuration list for PBXNativeTarget "FileManager" */;
			buildPhases = (
				2C6C34252B21AA8700B88761 /* Sources */,
				2C6C34262B21AA8700B88761 /* Frameworks */,
				2C6C34272B21AA8700B88761 /* Resources */,
			);
			buildRules = (
			);
			dependencies = (
			);
			name = FileManager;
			productName = FileManager;
			productReference = 2C6C34292B21AA8700B88761 /* FileManager.app */;
			productType = "com.apple.product-type.application";
		};
/* End PBXNativeTarget section */

/* Begin PBXProject section */
		2C6C34212B21AA8700B88761 /* Project object */ = {
			isa = PBXProject;
			attributes = {
				BuildIndependentTargetsInParallel = 1;
				LastSwiftUpdateCheck = 1430;
				LastUpgradeCheck = 1430;
				TargetAttributes = {
					2C6C34282B21AA8700B88761 = {
						CreatedOnToolsVersion = 14.3.1;
					};
				};
			};
			buildConfigurationList = 2C6C34242B21AA8700B88761 /* Build configuration list for PBXProject "FileManager" */;
			compatibilityVersion = "Xcode 14.0";
			developmentRegion = en;
			hasScannedForEncodings = 0;
			knownRegions = (
				en,
				Base,
			);
			mainGroup = 2C6C34202B21AA8700B88761;
			productRefGroup = 2C6C342A2B21AA8700B88761 /* Products */;
			projectDirPath = "";
			projectRoot = "";
			targets = (
				2C6C34282B21AA8700B88761 /* FileManager */,
			);
		};
/* End PBXProject section */

/* Begin PBXResourcesBuildPhase section */
		2C6C34272B21AA8700B88761 /* Resources */ = {
			isa = PBXResourcesBuildPhase;
			buildActionMask = 2147483647;
			files = (
				2C6C34392B21AA8800B88761 /* LaunchScreen.storyboard in Resources */,
				2C6C34362B21AA8800B88761 /* Assets.xcassets in Resources */,
				2CC304112B4A8423003BC3FC /* VideoCollectionViewCell.xib in Resources */,
				2C6C34342B21AA8700B88761 /* Main.storyboard in Resources */,
			);
			runOnlyForDeploymentPostprocessing = 0;
		};
/* End PBXResourcesBuildPhase section */

/* Begin PBXSourcesBuildPhase section */
		2C6C34252B21AA8700B88761 /* Sources */ = {
			isa = PBXSourcesBuildPhase;
			buildActionMask = 2147483647;
			files = (
				2CC304102B4A8423003BC3FC /* VideoCollectionViewCell.swift in Sources */,
				2C6C347C2B2AC8D600B88761 /* SwiftDataService.swift in Sources */,
				2CC304132B4A85FF003BC3FC /* VideoListViewController.swift in Sources */,
				2C6C34312B21AA8700B88761 /* ViewController.swift in Sources */,
				2C6C342D2B21AA8700B88761 /* AppDelegate.swift in Sources */,
				2CC3040C2B499BE7003BC3FC /* VideoModel.swift in Sources */,
				2C6C344B2B252F7A00B88761 /* PlayerView.swift in Sources */,
				2C6C342F2B21AA8700B88761 /* SceneDelegate.swift in Sources */,
				2C6C344F2B2530A400B88761 /* AddController.swift in Sources */,
				2C6C34412B21AAA400B88761 /* FileManagerService.swift in Sources */,
			);
			runOnlyForDeploymentPostprocessing = 0;
		};
/* End PBXSourcesBuildPhase section */

/* Begin PBXVariantGroup section */
		2C6C34322B21AA8700B88761 /* Main.storyboard */ = {
			isa = PBXVariantGroup;
			children = (
				2C6C34332B21AA8700B88761 /* Base */,
			);
			name = Main.storyboard;
			sourceTree = "<group>";
		};
		2C6C34372B21AA8800B88761 /* LaunchScreen.storyboard */ = {
			isa = PBXVariantGroup;
			children = (
				2C6C34382B21AA8800B88761 /* Base */,
			);
			name = LaunchScreen.storyboard;
			sourceTree = "<group>";
		};
/* End PBXVariantGroup section */

/* Begin XCBuildConfiguration section */
		2C6C343B2B21AA8800B88761 /* Debug */ = {
			isa = XCBuildConfiguration;
			buildSettings = {
				ALWAYS_SEARCH_USER_PATHS = NO;
				CLANG_ANALYZER_NONNULL = YES;
				CLANG_ANALYZER_NUMBER_OBJECT_CONVERSION = YES_AGGRESSIVE;
				CLANG_CXX_LANGUAGE_STANDARD = "gnu++20";
				CLANG_ENABLE_MODULES = YES;
				CLANG_ENABLE_OBJC_ARC = YES;
				CLANG_ENABLE_OBJC_WEAK = YES;
				CLANG_WARN_BLOCK_CAPTURE_AUTORELEASING = YES;
				CLANG_WARN_BOOL_CONVERSION = YES;
				CLANG_WARN_COMMA = YES;
				CLANG_WARN_CONSTANT_CONVERSION = YES;
				CLANG_WARN_DEPRECATED_OBJC_IMPLEMENTATIONS = YES;
				CLANG_WARN_DIRECT_OBJC_ISA_USAGE = YES_ERROR;
				CLANG_WARN_DOCUMENTATION_COMMENTS = YES;
				CLANG_WARN_EMPTY_BODY = YES;
				CLANG_WARN_ENUM_CONVERSION = YES;
				CLANG_WARN_INFINITE_RECURSION = YES;
				CLANG_WARN_INT_CONVERSION = YES;
				CLANG_WARN_NON_LITERAL_NULL_CONVERSION = YES;
				CLANG_WARN_OBJC_IMPLICIT_RETAIN_SELF = YES;
				CLANG_WARN_OBJC_LITERAL_CONVERSION = YES;
				CLANG_WARN_OBJC_ROOT_CLASS = YES_ERROR;
				CLANG_WARN_QUOTED_INCLUDE_IN_FRAMEWORK_HEADER = YES;
				CLANG_WARN_RANGE_LOOP_ANALYSIS = YES;
				CLANG_WARN_STRICT_PROTOTYPES = YES;
				CLANG_WARN_SUSPICIOUS_MOVE = YES;
				CLANG_WARN_UNGUARDED_AVAILABILITY = YES_AGGRESSIVE;
				CLANG_WARN_UNREACHABLE_CODE = YES;
				CLANG_WARN__DUPLICATE_METHOD_MATCH = YES;
				COPY_PHASE_STRIP = NO;
				DEBUG_INFORMATION_FORMAT = dwarf;
				ENABLE_STRICT_OBJC_MSGSEND = YES;
				ENABLE_TESTABILITY = YES;
				GCC_C_LANGUAGE_STANDARD = gnu11;
				GCC_DYNAMIC_NO_PIC = NO;
				GCC_NO_COMMON_BLOCKS = YES;
				GCC_OPTIMIZATION_LEVEL = 0;
				GCC_PREPROCESSOR_DEFINITIONS = (
					"DEBUG=1",
					"$(inherited)",
				);
				GCC_WARN_64_TO_32_BIT_CONVERSION = YES;
				GCC_WARN_ABOUT_RETURN_TYPE = YES_ERROR;
				GCC_WARN_UNDECLARED_SELECTOR = YES;
				GCC_WARN_UNINITIALIZED_AUTOS = YES_AGGRESSIVE;
				GCC_WARN_UNUSED_FUNCTION = YES;
				GCC_WARN_UNUSED_VARIABLE = YES;
				IPHONEOS_DEPLOYMENT_TARGET = 16.4;
				MTL_ENABLE_DEBUG_INFO = INCLUDE_SOURCE;
				MTL_FAST_MATH = YES;
				ONLY_ACTIVE_ARCH = YES;
				SDKROOT = iphoneos;
				SWIFT_ACTIVE_COMPILATION_CONDITIONS = DEBUG;
				SWIFT_OPTIMIZATION_LEVEL = "-Onone";
			};
			name = Debug;
		};
		2C6C343C2B21AA8800B88761 /* Release */ = {
			isa = XCBuildConfiguration;
			buildSettings = {
				ALWAYS_SEARCH_USER_PATHS = NO;
				CLANG_ANALYZER_NONNULL = YES;
				CLANG_ANALYZER_NUMBER_OBJECT_CONVERSION = YES_AGGRESSIVE;
				CLANG_CXX_LANGUAGE_STANDARD = "gnu++20";
				CLANG_ENABLE_MODULES = YES;
				CLANG_ENABLE_OBJC_ARC = YES;
				CLANG_ENABLE_OBJC_WEAK = YES;
				CLANG_WARN_BLOCK_CAPTURE_AUTORELEASING = YES;
				CLANG_WARN_BOOL_CONVERSION = YES;
				CLANG_WARN_COMMA = YES;
				CLANG_WARN_CONSTANT_CONVERSION = YES;
				CLANG_WARN_DEPRECATED_OBJC_IMPLEMENTATIONS = YES;
				CLANG_WARN_DIRECT_OBJC_ISA_USAGE = YES_ERROR;
				CLANG_WARN_DOCUMENTATION_COMMENTS = YES;
				CLANG_WARN_EMPTY_BODY = YES;
				CLANG_WARN_ENUM_CONVERSION = YES;
				CLANG_WARN_INFINITE_RECURSION = YES;
				CLANG_WARN_INT_CONVERSION = YES;
				CLANG_WARN_NON_LITERAL_NULL_CONVERSION = YES;
				CLANG_WARN_OBJC_IMPLICIT_RETAIN_SELF = YES;
				CLANG_WARN_OBJC_LITERAL_CONVERSION = YES;
				CLANG_WARN_OBJC_ROOT_CLASS = YES_ERROR;
				CLANG_WARN_QUOTED_INCLUDE_IN_FRAMEWORK_HEADER = YES;
				CLANG_WARN_RANGE_LOOP_ANALYSIS = YES;
				CLANG_WARN_STRICT_PROTOTYPES = YES;
				CLANG_WARN_SUSPICIOUS_MOVE = YES;
				CLANG_WARN_UNGUARDED_AVAILABILITY = YES_AGGRESSIVE;
				CLANG_WARN_UNREACHABLE_CODE = YES;
				CLANG_WARN__DUPLICATE_METHOD_MATCH = YES;
				COPY_PHASE_STRIP = NO;
				DEBUG_INFORMATION_FORMAT = "dwarf-with-dsym";
				ENABLE_NS_ASSERTIONS = NO;
				ENABLE_STRICT_OBJC_MSGSEND = YES;
				GCC_C_LANGUAGE_STANDARD = gnu11;
				GCC_NO_COMMON_BLOCKS = YES;
				GCC_WARN_64_TO_32_BIT_CONVERSION = YES;
				GCC_WARN_ABOUT_RETURN_TYPE = YES_ERROR;
				GCC_WARN_UNDECLARED_SELECTOR = YES;
				GCC_WARN_UNINITIALIZED_AUTOS = YES_AGGRESSIVE;
				GCC_WARN_UNUSED_FUNCTION = YES;
				GCC_WARN_UNUSED_VARIABLE = YES;
				IPHONEOS_DEPLOYMENT_TARGET = 16.4;
				MTL_ENABLE_DEBUG_INFO = NO;
				MTL_FAST_MATH = YES;
				SDKROOT = iphoneos;
				SWIFT_COMPILATION_MODE = wholemodule;
				SWIFT_OPTIMIZATION_LEVEL = "-O";
				VALIDATE_PRODUCT = YES;
			};
			name = Release;
		};
		2C6C343E2B21AA8800B88761 /* Debug */ = {
			isa = XCBuildConfiguration;
			buildSettings = {
				ASSETCATALOG_COMPILER_APPICON_NAME = AppIcon;
				ASSETCATALOG_COMPILER_GLOBAL_ACCENT_COLOR_NAME = AccentColor;
				CODE_SIGN_STYLE = Automatic;
				CURRENT_PROJECT_VERSION = 1;
				DEVELOPMENT_TEAM = VYY6NT3X7Q;
				GENERATE_INFOPLIST_FILE = YES;
				INFOPLIST_FILE = FileManager/Info.plist;
				INFOPLIST_KEY_LSSupportsOpeningDocumentsInPlace = YES;
				INFOPLIST_KEY_UIApplicationSupportsIndirectInputEvents = YES;
				INFOPLIST_KEY_UILaunchStoryboardName = LaunchScreen;
				INFOPLIST_KEY_UIMainStoryboardFile = Main;
				INFOPLIST_KEY_UISupportedInterfaceOrientations_iPad = "UIInterfaceOrientationPortrait UIInterfaceOrientationPortraitUpsideDown UIInterfaceOrientationLandscapeLeft UIInterfaceOrientationLandscapeRight";
				INFOPLIST_KEY_UISupportedInterfaceOrientations_iPhone = "UIInterfaceOrientationPortrait UIInterfaceOrientationLandscapeLeft UIInterfaceOrientationLandscapeRight";
				LD_RUNPATH_SEARCH_PATHS = (
					"$(inherited)",
					"@executable_path/Frameworks",
				);
				MARKETING_VERSION = 1.0;
				PRODUCT_BUNDLE_IDENTIFIER = app.akki.ito.FileManager;
				PRODUCT_NAME = "$(TARGET_NAME)";
				SWIFT_EMIT_LOC_STRINGS = YES;
				SWIFT_VERSION = 5.0;
				TARGETED_DEVICE_FAMILY = "1,2";
			};
			name = Debug;
		};
		2C6C343F2B21AA8800B88761 /* Release */ = {
			isa = XCBuildConfiguration;
			buildSettings = {
				ASSETCATALOG_COMPILER_APPICON_NAME = AppIcon;
				ASSETCATALOG_COMPILER_GLOBAL_ACCENT_COLOR_NAME = AccentColor;
				CODE_SIGN_STYLE = Automatic;
				CURRENT_PROJECT_VERSION = 1;
				DEVELOPMENT_TEAM = VYY6NT3X7Q;
				GENERATE_INFOPLIST_FILE = YES;
				INFOPLIST_FILE = FileManager/Info.plist;
				INFOPLIST_KEY_LSSupportsOpeningDocumentsInPlace = YES;
				INFOPLIST_KEY_UIApplicationSupportsIndirectInputEvents = YES;
				INFOPLIST_KEY_UILaunchStoryboardName = LaunchScreen;
				INFOPLIST_KEY_UIMainStoryboardFile = Main;
				INFOPLIST_KEY_UISupportedInterfaceOrientations_iPad = "UIInterfaceOrientationPortrait UIInterfaceOrientationPortraitUpsideDown UIInterfaceOrientationLandscapeLeft UIInterfaceOrientationLandscapeRight";
				INFOPLIST_KEY_UISupportedInterfaceOrientations_iPhone = "UIInterfaceOrientationPortrait UIInterfaceOrientationLandscapeLeft UIInterfaceOrientationLandscapeRight";
				LD_RUNPATH_SEARCH_PATHS = (
					"$(inherited)",
					"@executable_path/Frameworks",
				);
				MARKETING_VERSION = 1.0;
				PRODUCT_BUNDLE_IDENTIFIER = app.akki.ito.FileManager;
				PRODUCT_NAME = "$(TARGET_NAME)";
				SWIFT_EMIT_LOC_STRINGS = YES;
				SWIFT_VERSION = 5.0;
				TARGETED_DEVICE_FAMILY = "1,2";
			};
			name = Release;
		};
/* End XCBuildConfiguration section */

/* Begin XCConfigurationList section */
		2C6C34242B21AA8700B88761 /* Build configuration list for PBXProject "FileManager" */ = {
			isa = XCConfigurationList;
			buildConfigurations = (
				2C6C343B2B21AA8800B88761 /* Debug */,
				2C6C343C2B21AA8800B88761 /* Release */,
			);
			defaultConfigurationIsVisible = 0;
			defaultConfigurationName = Release;
		};
		2C6C343D2B21AA8800B88761 /* Build configuration list for PBXNativeTarget "FileManager" */ = {
			isa = XCConfigurationList;
			buildConfigurations = (
				2C6C343E2B21AA8800B88761 /* Debug */,
				2C6C343F2B21AA8800B88761 /* Release */,
			);
			defaultConfigurationIsVisible = 0;
			defaultConfigurationName = Release;
		};
/* End XCConfigurationList section */
	};
	rootObject = 2C6C34212B21AA8700B88761 /* Project object */;
}
